
Microsoft Visual Studio Solution File, Format Version 12.00
# Visual Studio Version 17
VisualStudioVersion = 17.0.31903.59
MinimumVisualStudioVersion = 10.0.40219.1
Project("{9A19103F-16F7-4668-BE54-9A1E7A4F7556}") = "gbAlgorithms", "gbAlgorithms.csproj", "{C65DB6C3-90F2-4E7F-B1EC-C3CB14B042EF}"
EndProject
Project("{FAE04EC0-301F-11D3-BF4B-00C04F79EFBC}") = "LessonsLibrary", "..\LessonsLibrary\LessonsLibrary.csproj", "{C3FF51C8-0928-4F08-8F12-59F35BD928F7}"
EndProject
Project("{FAE04EC0-301F-11D3-BF4B-00C04F79EFBC}") = "LessonsInterface", "..\LessonsInterface\LessonsInterface.csproj", "{723C93F4-8A7A-4A48-9FB8-DD1C9F64F6AD}"
EndProject
Global
	GlobalSection(SolutionConfigurationPlatforms) = preSolution
		Debug|Any CPU = Debug|Any CPU
		Release|Any CPU = Release|Any CPU
	EndGlobalSection
	GlobalSection(ProjectConfigurationPlatforms) = postSolution
		{C65DB6C3-90F2-4E7F-B1EC-C3CB14B042EF}.Debug|Any CPU.ActiveCfg = Debug|Any CPU
		{C65DB6C3-90F2-4E7F-B1EC-C3CB14B042EF}.Debug|Any CPU.Build.0 = Debug|Any CPU
		{C65DB6C3-90F2-4E7F-B1EC-C3CB14B042EF}.Release|Any CPU.ActiveCfg = Release|Any CPU
		{C65DB6C3-90F2-4E7F-B1EC-C3CB14B042EF}.Release|Any CPU.Build.0 = Release|Any CPU
		{C3FF51C8-0928-4F08-8F12-59F35BD928F7}.Debug|Any CPU.ActiveCfg = Debug|Any CPU
		{C3FF51C8-0928-4F08-8F12-59F35BD928F7}.Debug|Any CPU.Build.0 = Debug|Any CPU
		{C3FF51C8-0928-4F08-8F12-59F35BD928F7}.Release|Any CPU.ActiveCfg = Release|Any CPU
		{C3FF51C8-0928-4F08-8F12-59F35BD928F7}.Release|Any CPU.Build.0 = Release|Any CPU
		{723C93F4-8A7A-4A48-9FB8-DD1C9F64F6AD}.Debug|Any CPU.ActiveCfg = Debug|Any CPU
		{723C93F4-8A7A-4A48-9FB8-DD1C9F64F6AD}.Debug|Any CPU.Build.0 = Debug|Any CPU
		{723C93F4-8A7A-4A48-9FB8-DD1C9F64F6AD}.Release|Any CPU.ActiveCfg = Release|Any CPU
		{723C93F4-8A7A-4A48-9FB8-DD1C9F64F6AD}.Release|Any CPU.Build.0 = Release|Any CPU
	EndGlobalSection
	GlobalSection(SolutionProperties) = preSolution
		HideSolutionNode = FALSE
	EndGlobalSection
	GlobalSection(ExtensibilityGlobals) = postSolution
		SolutionGuid = {1F07457B-F327-4A3E-90D2-1EB8329A6002}
	EndGlobalSection
EndGlobal
